
Microsoft Visual Studio Solution File, Format Version 12.00
# Visual Studio Version 17
VisualStudioVersion = 17.14.36401.2 d17.14
MinimumVisualStudioVersion = 10.0.40219.1
Project("{888888A0-9F3D-457C-B088-3A5042F75D52}") = "3OLIDTS-FerminPalacio-03py", "3OLIDTS-FerminPalacio-03py\3OLIDTS-FerminPalacio-03py.pyproj", "{6A2E6461-6A9D-44AC-88FC-8ACB2F5384B8}"
EndProject
Global
	GlobalSection(SolutionConfigurationPlatforms) = preSolution
		Debug|Any CPU = Debug|Any CPU
		Release|Any CPU = Release|Any CPU
	EndGlobalSection
	GlobalSection(ProjectConfigurationPlatforms) = postSolution
		{6A2E6461-6A9D-44AC-88FC-8ACB2F5384B8}.Debug|Any CPU.ActiveCfg = Debug|Any CPU
		{6A2E6461-6A9D-44AC-88FC-8ACB2F5384B8}.Release|Any CPU.ActiveCfg = Release|Any CPU
	EndGlobalSection
	GlobalSection(SolutionProperties) = preSolution
		HideSolutionNode = FALSE
	EndGlobalSection
	GlobalSection(ExtensibilityGlobals) = postSolution
		SolutionGuid = {2BBB0A7F-985F-4196-A13D-141C051FE350}
	EndGlobalSection
EndGlobal
